{
  "originHash" : "fcfa637615cd13513f18b316cbf07c1e7e5d58970ec77c6abcf54e12fe1b3f32",
  "pins" : [
    {
      "identity" : "fluidaudio",
      "kind" : "remoteSourceControl",
      "location" : "https://github.com/crimson-knight/FluidAudio",
      "state" : {
        "revision" : "f43bf6c610443d9e91dd23399a912055926fce3c"
      }
    }
  ],
  "version" : 3
}
